
Microsoft Visual Studio Solution File, Format Version 12.00
# Visual Studio 15
VisualStudioVersion = 15.0.27703.2000
MinimumVisualStudioVersion = 10.0.40219.1
Project("{FAE04EC0-301F-11D3-BF4B-00C04F79EFBC}") = "TrackerLibrary", "TrackerLibrary\TrackerLibrary.csproj", "{5CF4DA4C-3207-40C9-833D-48ADFD5C6861}"
EndProject
Project("{FAE04EC0-301F-11D3-BF4B-00C04F79EFBC}") = "TrackerUI", "TrackerUI\TrackerUI.csproj", "{125B4F42-5D33-4513-A143-2148DB6BEADE}"
EndProject
Global
	GlobalSection(SolutionConfigurationPlatforms) = preSolution
		Debug|Any CPU = Debug|Any CPU
		Release|Any CPU = Release|Any CPU
	EndGlobalSection
	GlobalSection(ProjectConfigurationPlatforms) = postSolution
		{5CF4DA4C-3207-40C9-833D-48ADFD5C6861}.Debug|Any CPU.ActiveCfg = Debug|Any CPU
		{5CF4DA4C-3207-40C9-833D-48ADFD5C6861}.Debug|Any CPU.Build.0 = Debug|Any CPU
		{5CF4DA4C-3207-40C9-833D-48ADFD5C6861}.Release|Any CPU.ActiveCfg = Release|Any CPU
		{5CF4DA4C-3207-40C9-833D-48ADFD5C6861}.Release|Any CPU.Build.0 = Release|Any CPU
		{125B4F42-5D33-4513-A143-2148DB6BEADE}.Debug|Any CPU.ActiveCfg = Debug|Any CPU
		{125B4F42-5D33-4513-A143-2148DB6BEADE}.Debug|Any CPU.Build.0 = Debug|Any CPU
		{125B4F42-5D33-4513-A143-2148DB6BEADE}.Release|Any CPU.ActiveCfg = Release|Any CPU
		{125B4F42-5D33-4513-A143-2148DB6BEADE}.Release|Any CPU.Build.0 = Release|Any CPU
	EndGlobalSection
	GlobalSection(SolutionProperties) = preSolution
		HideSolutionNode = FALSE
	EndGlobalSection
	GlobalSection(ExtensibilityGlobals) = postSolution
		SolutionGuid = {EC31BB8E-14F2-4A41-AA3F-D2A7C9E00D19}
	EndGlobalSection
EndGlobal
